
Microsoft Visual Studio Solution File, Format Version 12.00
# Visual Studio Version 17
VisualStudioVersion = 17.2.32630.192
MinimumVisualStudioVersion = 10.0.40219.1
Project("{9A19103F-16F7-4668-BE54-9A1E7A4F7556}") = "Integration", "Integration\Integration.csproj", "{50C8BF69-071D-486E-8374-32D6E155064F}"
EndProject
Project("{FAE04EC0-301F-11D3-BF4B-00C04F79EFBC}") = "RabbitMQService", "RabbitMQService\RabbitMQService.csproj", "{F18C1834-AAC6-4D94-AF76-3A5F811911D0}"
EndProject
Project("{FAE04EC0-301F-11D3-BF4B-00C04F79EFBC}") = "Repository", "Repository\Repository.csproj", "{7836DE5F-7CF6-4E5B-AA75-22078B1D5C06}"
EndProject
Project("{FAE04EC0-301F-11D3-BF4B-00C04F79EFBC}") = "Common", "Common\Common.csproj", "{1826A276-E350-4D9D-9E75-AB7D68DFAD23}"
EndProject
Project("{FAE04EC0-301F-11D3-BF4B-00C04F79EFBC}") = "Listener", "Listener\Listener.csproj", "{106BCE8D-F1A3-431E-891F-68972BE86555}"
EndProject
Global
	GlobalSection(SolutionConfigurationPlatforms) = preSolution
		Debug|Any CPU = Debug|Any CPU
		Release|Any CPU = Release|Any CPU
	EndGlobalSection
	GlobalSection(ProjectConfigurationPlatforms) = postSolution
		{50C8BF69-071D-486E-8374-32D6E155064F}.Debug|Any CPU.ActiveCfg = Debug|Any CPU
		{50C8BF69-071D-486E-8374-32D6E155064F}.Debug|Any CPU.Build.0 = Debug|Any CPU
		{50C8BF69-071D-486E-8374-32D6E155064F}.Release|Any CPU.ActiveCfg = Release|Any CPU
		{50C8BF69-071D-486E-8374-32D6E155064F}.Release|Any CPU.Build.0 = Release|Any CPU
		{F18C1834-AAC6-4D94-AF76-3A5F811911D0}.Debug|Any CPU.ActiveCfg = Debug|Any CPU
		{F18C1834-AAC6-4D94-AF76-3A5F811911D0}.Debug|Any CPU.Build.0 = Debug|Any CPU
		{F18C1834-AAC6-4D94-AF76-3A5F811911D0}.Release|Any CPU.ActiveCfg = Release|Any CPU
		{F18C1834-AAC6-4D94-AF76-3A5F811911D0}.Release|Any CPU.Build.0 = Release|Any CPU
		{7836DE5F-7CF6-4E5B-AA75-22078B1D5C06}.Debug|Any CPU.ActiveCfg = Debug|Any CPU
		{7836DE5F-7CF6-4E5B-AA75-22078B1D5C06}.Debug|Any CPU.Build.0 = Debug|Any CPU
		{7836DE5F-7CF6-4E5B-AA75-22078B1D5C06}.Release|Any CPU.ActiveCfg = Release|Any CPU
		{7836DE5F-7CF6-4E5B-AA75-22078B1D5C06}.Release|Any CPU.Build.0 = Release|Any CPU
		{1826A276-E350-4D9D-9E75-AB7D68DFAD23}.Debug|Any CPU.ActiveCfg = Debug|Any CPU
		{1826A276-E350-4D9D-9E75-AB7D68DFAD23}.Debug|Any CPU.Build.0 = Debug|Any CPU
		{1826A276-E350-4D9D-9E75-AB7D68DFAD23}.Release|Any CPU.ActiveCfg = Release|Any CPU
		{1826A276-E350-4D9D-9E75-AB7D68DFAD23}.Release|Any CPU.Build.0 = Release|Any CPU
		{106BCE8D-F1A3-431E-891F-68972BE86555}.Debug|Any CPU.ActiveCfg = Debug|Any CPU
		{106BCE8D-F1A3-431E-891F-68972BE86555}.Debug|Any CPU.Build.0 = Debug|Any CPU
		{106BCE8D-F1A3-431E-891F-68972BE86555}.Release|Any CPU.ActiveCfg = Release|Any CPU
		{106BCE8D-F1A3-431E-891F-68972BE86555}.Release|Any CPU.Build.0 = Release|Any CPU
	EndGlobalSection
	GlobalSection(SolutionProperties) = preSolution
		HideSolutionNode = FALSE
	EndGlobalSection
	GlobalSection(ExtensibilityGlobals) = postSolution
		SolutionGuid = {CF7E1601-6610-46F6-9F4B-48C40A3077A5}
	EndGlobalSection
EndGlobal
